#
# This file is autogenerated by pip-compile with Python 3.12
# by the following command:
#
#    pip-compile --extra=agent --extra=dev --extra=robot --output-file=requirements-dev.lock --strip-extras pyproject.toml
#
annotated-doc==0.0.4
    # via fastapi
annotated-types==0.7.0
    # via pydantic
anthropic==0.97.0
    # via elder-berry (pyproject.toml)
anyio==4.13.0
    # via
    #   anthropic
    #   httpx
    #   starlette
    #   watchfiles
bcrypt==5.0.0
    # via elder-berry (pyproject.toml)
build==1.4.4
    # via pip-tools
certifi==2026.4.22
    # via
    #   httpcore
    #   httpx
cffi==2.0.0
    # via
    #   cryptography
    #   sounddevice
click==8.3.3
    # via
    #   pip-tools
    #   uvicorn
colorama==0.4.6
    # via
    #   build
    #   click
    #   pytest
    #   uvicorn
cryptography==46.0.7
    # via elder-berry (pyproject.toml)
distro==1.9.0
    # via anthropic
docstring-parser==0.18.0
    # via anthropic
fastapi==0.136.1
    # via elder-berry (pyproject.toml)
h11==0.16.0
    # via
    #   httpcore
    #   uvicorn
httpcore==1.0.9
    # via httpx
httptools==0.7.1
    # via uvicorn
httpx==0.28.1
    # via
    #   anthropic
    #   elder-berry (pyproject.toml)
idna==3.13
    # via
    #   anyio
    #   httpx
iniconfig==2.3.0
    # via pytest
jaraco-classes==3.4.0
    # via keyring
jaraco-context==6.1.2
    # via keyring
jaraco-functools==4.4.0
    # via keyring
jiter==0.14.0
    # via anthropic
keyring==25.7.0
    # via elder-berry (pyproject.toml)
more-itertools==11.0.2
    # via
    #   jaraco-classes
    #   jaraco-functools
numpy==2.4.4
    # via elder-berry (pyproject.toml)
packaging==26.1
    # via
    #   build
    #   pytest
    #   wheel
pip-tools==7.5.3
    # via elder-berry (pyproject.toml)
pluggy==1.6.0
    # via pytest
psutil==7.2.2
    # via elder-berry (pyproject.toml)
pycparser==3.0
    # via cffi
pydantic==2.13.3
    # via
    #   anthropic
    #   fastapi
pydantic-core==2.46.3
    # via pydantic
pygments==2.20.0
    # via pytest
pyproject-hooks==1.2.0
    # via
    #   build
    #   pip-tools
pytest==9.0.3
    # via pytest-timeout
pytest-timeout==2.4.0
    # via elder-berry (pyproject.toml)
python-dotenv==1.2.2
    # via
    #   elder-berry (pyproject.toml)
    #   uvicorn
python-multipart==0.0.26
    # via elder-berry (pyproject.toml)
pywin32-ctypes==0.2.3
    # via keyring
pyyaml==6.0.3
    # via
    #   elder-berry (pyproject.toml)
    #   uvicorn
sniffio==1.3.1
    # via anthropic
sounddevice==0.5.5
    # via elder-berry (pyproject.toml)
starlette==1.0.0
    # via fastapi
typing-extensions==4.15.0
    # via
    #   anthropic
    #   anyio
    #   fastapi
    #   pydantic
    #   pydantic-core
    #   starlette
    #   typing-inspection
typing-inspection==0.4.2
    # via
    #   fastapi
    #   pydantic
tzdata==2026.2
    # via elder-berry (pyproject.toml)
uvicorn==0.46.0
    # via elder-berry (pyproject.toml)
watchfiles==1.1.1
    # via uvicorn
websockets==16.0
    # via uvicorn
wheel==0.47.0
    # via pip-tools

# The following packages are considered to be unsafe in a requirements file:
# pip
# setuptools
